
Microsoft Visual Studio Solution File, Format Version 12.00
# Visual Studio Express 2012 for Windows Desktop
Project("{FAE04EC0-301F-11D3-BF4B-00C04F79EFBC}") = "ProiectContinental4", "ProiectContinental4\ProiectContinental4.csproj", "{AB02A05F-3156-43FB-A8B1-822E5B4A18C9}"
EndProject
Global
	GlobalSection(SolutionConfigurationPlatforms) = preSolution
		Debug|Any CPU = Debug|Any CPU
		Release|Any CPU = Release|Any CPU
	EndGlobalSection
	GlobalSection(ProjectConfigurationPlatforms) = postSolution
		{AB02A05F-3156-43FB-A8B1-822E5B4A18C9}.Debug|Any CPU.ActiveCfg = Release|Any CPU
		{AB02A05F-3156-43FB-A8B1-822E5B4A18C9}.Debug|Any CPU.Build.0 = Release|Any CPU
		{AB02A05F-3156-43FB-A8B1-822E5B4A18C9}.Release|Any CPU.ActiveCfg = Release|Any CPU
		{AB02A05F-3156-43FB-A8B1-822E5B4A18C9}.Release|Any CPU.Build.0 = Release|Any CPU
	EndGlobalSection
	GlobalSection(SolutionProperties) = preSolution
		HideSolutionNode = FALSE
	EndGlobalSection
EndGlobal
